
Microsoft Visual Studio Solution File, Format Version 12.00
# Visual Studio Version 16
VisualStudioVersion = 16.0.28803.352
MinimumVisualStudioVersion = 10.0.40219.1
Project("{FAE04EC0-301F-11D3-BF4B-00C04F79EFBC}") = "MegaDesk_Paton", "MegaDesk_Paton\MegaDesk_Paton.csproj", "{4031AE3A-E103-456D-9BC2-C4713D397065}"
EndProject
Global
	GlobalSection(SolutionConfigurationPlatforms) = preSolution
		Debug|Any CPU = Debug|Any CPU
		Release|Any CPU = Release|Any CPU
	EndGlobalSection
	GlobalSection(ProjectConfigurationPlatforms) = postSolution
		{4031AE3A-E103-456D-9BC2-C4713D397065}.Debug|Any CPU.ActiveCfg = Debug|Any CPU
		{4031AE3A-E103-456D-9BC2-C4713D397065}.Debug|Any CPU.Build.0 = Debug|Any CPU
		{4031AE3A-E103-456D-9BC2-C4713D397065}.Release|Any CPU.ActiveCfg = Release|Any CPU
		{4031AE3A-E103-456D-9BC2-C4713D397065}.Release|Any CPU.Build.0 = Release|Any CPU
	EndGlobalSection
	GlobalSection(SolutionProperties) = preSolution
		HideSolutionNode = FALSE
	EndGlobalSection
	GlobalSection(ExtensibilityGlobals) = postSolution
		SolutionGuid = {7E265670-3216-456B-9862-8525D1456F34}
	EndGlobalSection
EndGlobal
